# THIS IS AN AUTOGENERATED FILE. DO NOT EDIT THIS FILE DIRECTLY.
# yarn lockfile v1


"@pixi/accessibility@^5.2.0":
  version "5.2.0"
  resolved "https://registry.yarnpkg.com/@pixi/accessibility/-/accessibility-5.2.0.tgz#e59a876e1ceaf149811fe225e171f16cc2ccbef6"
  integrity sha512-IXnCy9YmzXl9/rMiXOzgFpP7onW0YNSnVQtFotonCEPd2azM/1p3Fy7wRTcpfOJm/JsMZRbnDeE/wB9Shg9/QQ==
  dependencies:
    "@pixi/core" "^5.2.0"
    "@pixi/display" "^5.2.0"
    "@pixi/utils" "^5.2.0"

"@pixi/app@^5.2.0":
  version "5.2.0"
  resolved "https://registry.yarnpkg.com/@pixi/app/-/app-5.2.0.tgz#dd216fd3cfc2e290fbf62200639bc8ee3738ba3e"
  integrity sha512-5rhjAGPruzC3w6+knySIWk4II1Td8Fw0LVfg1K48BRXI1mLXCrZ3tJb6hdFuBPhgeIDz1tUwecJ4KfkJOWgqPg==
  dependencies:
    "@pixi/core" "^5.2.0"
    "@pixi/display" "^5.2.0"

"@pixi/constants@^5.2.0":
  version "5.2.0"
  resolved "https://registry.yarnpkg.com/@pixi/constants/-/constants-5.2.0.tgz#2ddf7aa62d01412136f973dc9f316d0aabd845ba"
  integrity sha512-dXwzkKAvgpvOJmDBe9OQiE+HPp4uMIL/3ijHlyW0fgMqDPhtQtFcSUdSUAoFwb23Uaq56j1ejuEmly8LehJ0aQ==

"@pixi/core@^5.2.0":
  version "5.2.0"
  resolved "https://registry.yarnpkg.com/@pixi/core/-/core-5.2.0.tgz#5c89e52f96ebf95bf3408dd783d796972d7ccd58"
  integrity sha512-h8UuVWHfbWVGEO3a4SQS4vk70LSFMUMPKCvVpPq/3LtIUgPVDZO3tGL4O2jFteKwbmWNIMDCpDmBMu3XlqPlNQ==
  dependencies:
    "@pixi/constants" "^5.2.0"
    "@pixi/display" "^5.2.0"
    "@pixi/math" "^5.2.0"
    "@pixi/runner" "^5.2.0"
    "@pixi/settings" "^5.2.0"
    "@pixi/ticker" "^5.2.0"
    "@pixi/utils" "^5.2.0"

"@pixi/display@^5.2.0":
  version "5.2.0"
  resolved "https://registry.yarnpkg.com/@pixi/display/-/display-5.2.0.tgz#f6ca47c10db1379b62091e664b7a3a70c095e814"
  integrity sha512-P+exW4aI7eyqhdmi0M3HmKJI+XzDYNYAiEsKMUyyONwbHYSVdjQF5hzPuvjUYotTNZ1stCWbf0457cNNSPLOzQ==
  dependencies:
    "@pixi/math" "^5.2.0"
    "@pixi/settings" "^5.2.0"
    "@pixi/utils" "^5.2.0"

"@pixi/extract@^5.2.0":
  version "5.2.0"
  resolved "https://registry.yarnpkg.com/@pixi/extract/-/extract-5.2.0.tgz#ba44745380f40b104543871de4db09b6d2d09f7a"
  integrity sha512-LUDsB6z+gkSYcS8urr/JjdpLlf/z3mAjpMJDOZlcxCdPXdayVka2ruNnrWb4dvf9nV9Wg7T8v1IOFGOWpOHEdQ==
  dependencies:
    "@pixi/core" "^5.2.0"
    "@pixi/math" "^5.2.0"
    "@pixi/utils" "^5.2.0"

"@pixi/filter-alpha@^5.2.0":
  version "5.2.0"
  resolved "https://registry.yarnpkg.com/@pixi/filter-alpha/-/filter-alpha-5.2.0.tgz#a0b028655ee95a9d76963a85d7e78c6742113b3c"
  integrity sha512-Jv/eqSt6zmKr9oGoi4UgUWA/pgxhyBSGMtUWMHiwuqjkXWl4Em4bC5l0f5GUX85xqMCRLwvOeqOH+fBE9fKadw==
  dependencies:
    "@pixi/core" "^5.2.0"

"@pixi/filter-blur@^5.2.0":
  version "5.2.0"
  resolved "https://registry.yarnpkg.com/@pixi/filter-blur/-/filter-blur-5.2.0.tgz#a926b9e16abfab51dfb1bef2483ffb24cf02727d"
  integrity sha512-052qyY+X3HMEvHdorqXIbe+iODK0Sj3j8goZMvOL2qATW6bDBGRuwrO2rGZ70BnmGgrbIrXzDVemwo9uLWEZSA==
  dependencies:
    "@pixi/core" "^5.2.0"
    "@pixi/settings" "^5.2.0"

"@pixi/filter-color-matrix@^5.2.0":
  version "5.2.0"
  resolved "https://registry.yarnpkg.com/@pixi/filter-color-matrix/-/filter-color-matrix-5.2.0.tgz#ae4685c1778388ea7aed23417180846a08653dfb"
  integrity sha512-wtPzz+2NtP9zDW9cFn/lTryf97/DYwka4yi9A+sMCteoATsrZJCKz0zzPV5AORKv0hpCfu9wGYTISItOC8mBKw==
  dependencies:
    "@pixi/core" "^5.2.0"

"@pixi/filter-displacement@^5.2.0":
  version "5.2.0"
  resolved "https://registry.yarnpkg.com/@pixi/filter-displacement/-/filter-displacement-5.2.0.tgz#c2420393ac8ae9dd91ea6fb7426f48b5f201c224"
  integrity sha512-489KUlNF4ZmHZPNmI2X77cE95sfbvvw5NASeNXKmbCn5xi2gPSxiPMTv4XUTdhdOKxNcy81NFEQicG21eW335Q==
  dependencies:
    "@pixi/core" "^5.2.0"
    "@pixi/math" "^5.2.0"

"@pixi/filter-fxaa@^5.2.0":
  version "5.2.0"
  resolved "https://registry.yarnpkg.com/@pixi/filter-fxaa/-/filter-fxaa-5.2.0.tgz#57d8579cd806831763790179315ee37e69f6e2e6"
  integrity sha512-rlhC65BALzQAVBEXYzr8bKqyhZIWLco+VWJ7Fs8D3bJCutyu6xX6d7XDAqQW5SmJCNrIdaKvl/B6Xzer/+z8DA==
  dependencies:
    "@pixi/core" "^5.2.0"

"@pixi/filter-noise@^5.2.0":
  version "5.2.0"
  resolved "https://registry.yarnpkg.com/@pixi/filter-noise/-/filter-noise-5.2.0.tgz#6164828292a80a3ffc878507fcfa4f6fc8bf7fa1"
  integrity sha512-7IBHqjuze5VEMYOKPz/O7wR3mks7xvYKvWmUaLV7FopUtDUFjklrVBWY39nBOsXKXm0qLOkkdKcwsqyXZ7xOFg==
  dependencies:
    "@pixi/core" "^5.2.0"

"@pixi/graphics@^5.2.0":
  version "5.2.0"
  resolved "https://registry.yarnpkg.com/@pixi/graphics/-/graphics-5.2.0.tgz#d1a976f0257d53dd6adf5617f38a45268f0d0b96"
  integrity sha512-sXmN8CEjzd56wVh18AOv1cxsB70tP1FWIukTPg8EaSlhiFqiclQDGkf6mKDajuVrj7JhBjvFenKmv3ADYnLkqA==
  dependencies:
    "@pixi/constants" "^5.2.0"
    "@pixi/core" "^5.2.0"
    "@pixi/display" "^5.2.0"
    "@pixi/math" "^5.2.0"
    "@pixi/sprite" "^5.2.0"
    "@pixi/utils" "^5.2.0"

"@pixi/interaction@^5.2.0":
  version "5.2.0"
  resolved "https://registry.yarnpkg.com/@pixi/interaction/-/interaction-5.2.0.tgz#c2598c86cfde8d68ee141fce861ee35e3a5950c0"
  integrity sha512-YoFGrwkKgNFsusXObcfgKJtLxjqeOaek3tZxssnZZOUSzIJGQ4mLur2I36C2AAufB+GxBL38TiP1nkAVurMC6A==
  dependencies:
    "@pixi/core" "^5.2.0"
    "@pixi/display" "^5.2.0"
    "@pixi/math" "^5.2.0"
    "@pixi/ticker" "^5.2.0"
    "@pixi/utils" "^5.2.0"

"@pixi/loaders@^5.2.0":
  version "5.2.0"
  resolved "https://registry.yarnpkg.com/@pixi/loaders/-/loaders-5.2.0.tgz#803a72395516428d38d131d1aac5b0008cf3148c"
  integrity sha512-lKd5RYGQ86NoQNFcu/IYLEkC/oa6XypDKewG9LDd7n9XKKeed0NRipg7HhcYVsliayYkszoQ/JdzidV/yxnHYw==
  dependencies:
    "@pixi/core" "^5.2.0"
    "@pixi/utils" "^5.2.0"
    resource-loader "^3.0.1"

"@pixi/math@^5.2.0":
  version "5.2.0"
  resolved "https://registry.yarnpkg.com/@pixi/math/-/math-5.2.0.tgz#4c853b8621a31791be6ade9cdfcd4168c69b8079"
  integrity sha512-Y21H/kMluJqZ/QWb8cdXuZlib6G26QfZtgc85KbSJmjpMVWw03g0OELqFqOhsMzNanXp3B4OL1ZsNXnp0lWROQ==

"@pixi/mesh-extras@^5.2.0":
  version "5.2.0"
  resolved "https://registry.yarnpkg.com/@pixi/mesh-extras/-/mesh-extras-5.2.0.tgz#3c595ae56c33716a13c8c3a2b95794a70591dd98"
  integrity sha512-vmBcV3sRqHWZIfwd8GQEscqR8zzsgCLXdgE/tWOCGqgGbv0+mv25y/vRnRnL42YXZb/sPU1RrtgnDr7xHNVL2w==
  dependencies:
    "@pixi/constants" "^5.2.0"
    "@pixi/core" "^5.2.0"
    "@pixi/math" "^5.2.0"
    "@pixi/mesh" "^5.2.0"
    "@pixi/utils" "^5.2.0"

"@pixi/mesh@^5.2.0":
  version "5.2.0"
  resolved "https://registry.yarnpkg.com/@pixi/mesh/-/mesh-5.2.0.tgz#6e5f085e9959337b267b4712e54d860ece28b482"
  integrity sha512-GTgxMlK3T2aWNk2CpWw6+zDXzOxDN15v4noVM6hqm691GQn6HXD68J14BHJhZxuP3PU9VD7/FARooMtAwaxVvg==
  dependencies:
    "@pixi/constants" "^5.2.0"
    "@pixi/core" "^5.2.0"
    "@pixi/display" "^5.2.0"
    "@pixi/math" "^5.2.0"
    "@pixi/settings" "^5.2.0"
    "@pixi/utils" "^5.2.0"

"@pixi/mixin-cache-as-bitmap@^5.2.0":
  version "5.2.0"
  resolved "https://registry.yarnpkg.com/@pixi/mixin-cache-as-bitmap/-/mixin-cache-as-bitmap-5.2.0.tgz#349cf4436d2d2bea25cf45b4e0f45d5339e191a7"
  integrity sha512-VaFxBiPFu5Ii3T/vwe+QozvQk/OMLApe0eTSXCzAZspijVCGVmnalTqDgY9GC6SvuLG967jRTdEwCAsc+w2uXA==
  dependencies:
    "@pixi/core" "^5.2.0"
    "@pixi/display" "^5.2.0"
    "@pixi/math" "^5.2.0"
    "@pixi/settings" "^5.2.0"
    "@pixi/sprite" "^5.2.0"
    "@pixi/utils" "^5.2.0"

"@pixi/mixin-get-child-by-name@^5.2.0":
  version "5.2.0"
  resolved "https://registry.yarnpkg.com/@pixi/mixin-get-child-by-name/-/mixin-get-child-by-name-5.2.0.tgz#857903c42e36aab01e80d0ae5cb9e8877bee3212"
  integrity sha512-exL50cOrjOmJ02++Q56AamYkVKt7RqwdM0QQdfmJKRX9r8cG9u09IKW2/hWKGbyqNoP5gGORtZvXRCJG8JYH/A==
  dependencies:
    "@pixi/display" "^5.2.0"

"@pixi/mixin-get-global-position@^5.2.0":
  version "5.2.0"
  resolved "https://registry.yarnpkg.com/@pixi/mixin-get-global-position/-/mixin-get-global-position-5.2.0.tgz#42adc4a0ba9c02186d3ab5964744bdd316cea2a6"
  integrity sha512-9P2EeymV23OonCVOdgYu0ZFlUZoCXh0wK/6wf6wb0N4Nefcz0mPfafHV5gp/qwCgB9OJk4RLKna1BDfxXn4LCA==
  dependencies:
    "@pixi/display" "^5.2.0"
    "@pixi/math" "^5.2.0"

"@pixi/particles@^5.2.0":
  version "5.2.0"
  resolved "https://registry.yarnpkg.com/@pixi/particles/-/particles-5.2.0.tgz#c9671886bc91acdd318b56cc09cdf2f7981a1ca1"
  integrity sha512-uB86M9hpiamclCOLMk6go0WJGXoiNfNzIIiC5OmUt61Fk3TSZiXbF//xWt/NB/unm3+WhycudSfR1IhLL1OdSw==
  dependencies:
    "@pixi/constants" "^5.2.0"
    "@pixi/core" "^5.2.0"
    "@pixi/display" "^5.2.0"
    "@pixi/math" "^5.2.0"
    "@pixi/utils" "^5.2.0"

"@pixi/polyfill@^5.2.0":
  version "5.2.0"
  resolved "https://registry.yarnpkg.com/@pixi/polyfill/-/polyfill-5.2.0.tgz#69476c8b3432ee661dacff1a73d0887de0d8ef3e"
  integrity sha512-xvwJ0vRVwf6fByvGTRzOsAv0N5GmopVI+pT5MV8Rk4AoqGQ8vWkhQQ8jy7PS4g0ak2DpwVrcTwUjxfrmjJCYTw==
  dependencies:
    es6-promise-polyfill "^1.2.0"
    object-assign "^4.1.1"

"@pixi/prepare@^5.2.0":
  version "5.2.0"
  resolved "https://registry.yarnpkg.com/@pixi/prepare/-/prepare-5.2.0.tgz#c62411f986b61e055f9906a784315fa9114e835a"
  integrity sha512-WE/VUIJXFrYMXFmWom4BZYB78IHQNeRZfN1SDN4X11cOciFH8uDafDpkMsjND95HZAqw+yQPU2pKResQnWEtag==
  dependencies:
    "@pixi/core" "^5.2.0"
    "@pixi/display" "^5.2.0"
    "@pixi/graphics" "^5.2.0"
    "@pixi/settings" "^5.2.0"
    "@pixi/text" "^5.2.0"
    "@pixi/ticker" "^5.2.0"

"@pixi/runner@^5.2.0":
  version "5.2.0"
  resolved "https://registry.yarnpkg.com/@pixi/runner/-/runner-5.2.0.tgz#b93688e2ed22f59b1c779be450730f383cae5691"
  integrity sha512-vy/SGG8QFHMrWAqebMQdhxl/l6WlIbHXMDNDCYBWwXKYjmKzycrrj2o/mK9cBko8WDuoTRZ0Pe3JZ3XDYEsn9w==

"@pixi/settings@^5.2.0":
  version "5.2.0"
  resolved "https://registry.yarnpkg.com/@pixi/settings/-/settings-5.2.0.tgz#34e2a9ad25b34be75226846417c806a40d6c6615"
  integrity sha512-AIxcUbgM3mh2QxS+nxNcPsqnJEBg3x/UO9ZpNMRhed9UPM/5mQ8CGZUMLTzIxhjSS16Do4uK9vZikMjV8dXm/Q==
  dependencies:
    ismobilejs "^0.5.1"

"@pixi/sprite-animated@^5.2.0":
  version "5.2.0"
  resolved "https://registry.yarnpkg.com/@pixi/sprite-animated/-/sprite-animated-5.2.0.tgz#e13a1fa112e07f2422cb510c359bb6e5d2ba8f6b"
  integrity sha512-Liy5s3CKh2MuSJeVYX7w8mJ0//WMUPm/4ZHRJqRJApijjlXSxcnhHNxIMRLDb8iJNmqaoOi9qMUgK0AkGWuAtA==
  dependencies:
    "@pixi/core" "^5.2.0"
    "@pixi/sprite" "^5.2.0"
    "@pixi/ticker" "^5.2.0"

"@pixi/sprite-tiling@^5.2.0":
  version "5.2.0"
  resolved "https://registry.yarnpkg.com/@pixi/sprite-tiling/-/sprite-tiling-5.2.0.tgz#194b4be9c7a3a99f4723d4614948efdfe970dab4"
  integrity sha512-iLQ98PrUVKqVzTYJsu+ZMCIRsJ1wapg55tf+m/78KK+h0WmgY70CJbO/A68dTqYZMLR39XPCtUp9bXXzXNEEdQ==
  dependencies:
    "@pixi/constants" "^5.2.0"
    "@pixi/core" "^5.2.0"
    "@pixi/display" "^5.2.0"
    "@pixi/math" "^5.2.0"
    "@pixi/sprite" "^5.2.0"
    "@pixi/utils" "^5.2.0"

"@pixi/sprite@^5.2.0":
  version "5.2.0"
  resolved "https://registry.yarnpkg.com/@pixi/sprite/-/sprite-5.2.0.tgz#7829a43c801e49a616c20f68179df4336643a304"
  integrity sha512-IW+S2Cs3MTcMSrsSA5fjk+xx3Q8eNrsT4hGVXy6JxViv3IknIqbyQwdSFGAyoowOwzhyg7xJExz7VDZRQBBLwg==
  dependencies:
    "@pixi/constants" "^5.2.0"
    "@pixi/core" "^5.2.0"
    "@pixi/display" "^5.2.0"
    "@pixi/math" "^5.2.0"
    "@pixi/settings" "^5.2.0"
    "@pixi/utils" "^5.2.0"

"@pixi/spritesheet@^5.2.0":
  version "5.2.0"
  resolved "https://registry.yarnpkg.com/@pixi/spritesheet/-/spritesheet-5.2.0.tgz#bf4c2e85b53fd3a4c8deb6b0f6022300d5cba4f0"
  integrity sha512-48WNC3tSUXbWA7ZswEacSiVh396FLe3KLhFpWk2oIJ+7MtMQ1IdtkGjAaXgv0zx0EvvnvEt1VoQVo2eALswR5Q==
  dependencies:
    "@pixi/core" "^5.2.0"
    "@pixi/loaders" "^5.2.0"
    "@pixi/math" "^5.2.0"
    "@pixi/utils" "^5.2.0"

"@pixi/text-bitmap@^5.2.0":
  version "5.2.0"
  resolved "https://registry.yarnpkg.com/@pixi/text-bitmap/-/text-bitmap-5.2.0.tgz#a787908ceb8639070b9377704bc3317a11bcf187"
  integrity sha512-RZD7GpQrKD+1B2wehnX0dI7ABB43JWNWoWXHl5wKfhjmPCxVmKEB9UfvOZd3sbnlxeL7BUA/gpYSxD6b6ZiA8g==
  dependencies:
    "@pixi/core" "^5.2.0"
    "@pixi/display" "^5.2.0"
    "@pixi/loaders" "^5.2.0"
    "@pixi/math" "^5.2.0"
    "@pixi/settings" "^5.2.0"
    "@pixi/sprite" "^5.2.0"
    "@pixi/utils" "^5.2.0"

"@pixi/text@^5.2.0":
  version "5.2.0"
  resolved "https://registry.yarnpkg.com/@pixi/text/-/text-5.2.0.tgz#9b8db4532d353be617f7c60b461214ba1aaf9979"
  integrity sha512-enEq/rJYXVobyGeTXCBTbRMlnKc7am+/WicymRt1bT7ia8L8A00xgOdEbfg6OeP2jLcyBVnopFhgHFe8jcp07Q==
  dependencies:
    "@pixi/core" "^5.2.0"
    "@pixi/math" "^5.2.0"
    "@pixi/settings" "^5.2.0"
    "@pixi/sprite" "^5.2.0"
    "@pixi/utils" "^5.2.0"

"@pixi/ticker@^5.2.0":
  version "5.2.0"
  resolved "https://registry.yarnpkg.com/@pixi/ticker/-/ticker-5.2.0.tgz#6e0dae872d0c7dc5458067c10fd6743b0ce15960"
  integrity sha512-6xX786cX/RWmQKeRQ3bNvg8JjS0VLA2LQy1sOmUctx2AwdZysI04k2xdw9Krtpn1mkudgAcNrTEsgPeGEjIF9Q==
  dependencies:
    "@pixi/settings" "^5.2.0"

"@pixi/utils@^5.2.0":
  version "5.2.0"
  resolved "https://registry.yarnpkg.com/@pixi/utils/-/utils-5.2.0.tgz#11a8f00c6e52292cad7bd37110a4a2ec2571ea6c"
  integrity sha512-oMLRlvx+vWHPR06uiOvfOhtkG/LDBR3Syea9QZoIbCJE/GLYgJX8f0cVfrdI0kCgfGj4luc8/CWI745MKafUqQ==
  dependencies:
    "@pixi/constants" "^5.2.0"
    "@pixi/settings" "^5.2.0"
    earcut "^2.1.5"
    eventemitter3 "^3.1.0"
    url "^0.11.0"

async@^2.6.2:
  version "2.6.3"
  resolved "https://registry.yarnpkg.com/async/-/async-2.6.3.tgz#d72625e2344a3656e3a3ad4fa749fa83299d82ff"
  integrity sha512-zflvls11DCy+dQWzTW2dzuilv8Z5X/pjfmZOWba6TNIVDm+2UDaJmXSOXlasHKfNBs8oo3M0aT50fDEWfKZjXg==
  dependencies:
    lodash "^4.17.14"

colors@1.0.3:
  version "1.0.3"
  resolved "https://registry.yarnpkg.com/colors/-/colors-1.0.3.tgz#0433f44d809680fdeb60ed260f1b0c262e82a40b"
  integrity sha1-BDP0TYCWgP3rYO0mDxsMJi6CpAs=

corser@~2.0.0:
  version "2.0.1"
  resolved "https://registry.yarnpkg.com/corser/-/corser-2.0.1.tgz#8eda252ecaab5840dcd975ceb90d9370c819ff87"
  integrity sha1-jtolLsqrWEDc2XXOuQ2TcMgZ/4c=

debug@^3.0.0, debug@^3.1.1:
  version "3.2.6"
  resolved "https://registry.yarnpkg.com/debug/-/debug-3.2.6.tgz#e83d17de16d8a7efb7717edbe5fb10135eee629b"
  integrity sha512-mel+jf7nrtEl5Pn1Qx46zARXKDpBbvzezse7p7LqINmdoIk8PYP5SySaxEmYv6TZ0JyEKA1hsCId6DIhgITtWQ==
  dependencies:
    ms "^2.1.1"

earcut@^2.1.5:
  version "2.2.1"
  resolved "https://registry.yarnpkg.com/earcut/-/earcut-2.2.1.tgz#3bae0b1b6fec41853b56b126f03a42a34b28f1d5"
  integrity sha512-5jIMi2RB3HtGPHcYd9Yyl0cczo84y+48lgKPxMijliNQaKAHEZJbdzLmKmdxG/mCdS/YD9DQ1gihL8mxzR0F9w==

ecstatic@^3.0.0:
  version "3.3.2"
  resolved "https://registry.yarnpkg.com/ecstatic/-/ecstatic-3.3.2.tgz#6d1dd49814d00594682c652adb66076a69d46c48"
  integrity sha512-fLf9l1hnwrHI2xn9mEDT7KIi22UDqA2jaCwyCbSUJh9a1V+LEUSL/JO/6TIz/QyuBURWUHrFL5Kg2TtO1bkkog==
  dependencies:
    he "^1.1.1"
    mime "^1.6.0"
    minimist "^1.1.0"
    url-join "^2.0.5"

es6-promise-polyfill@^1.2.0:
  version "1.2.0"
  resolved "https://registry.yarnpkg.com/es6-promise-polyfill/-/es6-promise-polyfill-1.2.0.tgz#f38925f23cb3e3e8ce6cda8ff774fcebbb090cde"
  integrity sha1-84kl8jyz4+jObNqP93T867sJDN4=

eventemitter3@^3.1.0:
  version "3.1.2"
  resolved "https://registry.yarnpkg.com/eventemitter3/-/eventemitter3-3.1.2.tgz#2d3d48f9c346698fce83a85d7d664e98535df6e7"
  integrity sha512-tvtQIeLVHjDkJYnzf2dgVMxfuSGJeM/7UCG17TT4EumTfNtF+0nebF/4zWOIkCreAbtNqhGEboB6BWrwqNaw4Q==

eventemitter3@^4.0.0:
  version "4.0.0"
  resolved "https://registry.yarnpkg.com/eventemitter3/-/eventemitter3-4.0.0.tgz#d65176163887ee59f386d64c82610b696a4a74eb"
  integrity sha512-qerSRB0p+UDEssxTtm6EDKcE7W4OaoisfIMl4CngyEhjpYglocpNg6UEqCvemdGhosAsg4sO2dXJOdyBifPGCg==

follow-redirects@^1.0.0:
  version "1.9.0"
  resolved "https://registry.yarnpkg.com/follow-redirects/-/follow-redirects-1.9.0.tgz#8d5bcdc65b7108fe1508649c79c12d732dcedb4f"
  integrity sha512-CRcPzsSIbXyVDl0QI01muNDu69S8trU4jArW9LpOt2WtC6LyUJetcIrmfHsRBx7/Jb6GHJUiuqyYxPooFfNt6A==
  dependencies:
    debug "^3.0.0"

he@^1.1.1:
  version "1.2.0"
  resolved "https://registry.yarnpkg.com/he/-/he-1.2.0.tgz#84ae65fa7eafb165fddb61566ae14baf05664f0f"
  integrity sha512-F/1DnUGPopORZi0ni+CvrCgHQ5FyEAHRLSApuYWMmrbSwoN2Mn/7k+Gl38gJnR7yyDZk6WLXwiGod1JOWNDKGw==

http-proxy@^1.8.1:
  version "1.18.0"
  resolved "https://registry.yarnpkg.com/http-proxy/-/http-proxy-1.18.0.tgz#dbe55f63e75a347db7f3d99974f2692a314a6a3a"
  integrity sha512-84I2iJM/n1d4Hdgc6y2+qY5mDaz2PUVjlg9znE9byl+q0uC3DeByqBGReQu5tpLK0TAqTIXScRUV+dg7+bUPpQ==
  dependencies:
    eventemitter3 "^4.0.0"
    follow-redirects "^1.0.0"
    requires-port "^1.0.0"

http-server@^0.11.1:
  version "0.11.1"
  resolved "https://registry.yarnpkg.com/http-server/-/http-server-0.11.1.tgz#2302a56a6ffef7f9abea0147d838a5e9b6b6a79b"
  integrity sha512-6JeGDGoujJLmhjiRGlt8yK8Z9Kl0vnl/dQoQZlc4oeqaUoAKQg94NILLfrY3oWzSyFaQCVNTcKE5PZ3cH8VP9w==
  dependencies:
    colors "1.0.3"
    corser "~2.0.0"
    ecstatic "^3.0.0"
    http-proxy "^1.8.1"
    opener "~1.4.0"
    optimist "0.6.x"
    portfinder "^1.0.13"
    union "~0.4.3"

ismobilejs@^0.5.1:
  version "0.5.2"
  resolved "https://registry.yarnpkg.com/ismobilejs/-/ismobilejs-0.5.2.tgz#e81bacf6187c532ad8348355f4fecd6e6adfdce1"
  integrity sha512-ta9UdV60xVZk/ZafFtSFslQaE76SvNkcs1r73d2PVR21zVzx9xuYv9tNe4MxA1NN7WoeCc2RjGot3Bz1eHDx3Q==

lodash@^4.17.14:
  version "4.17.15"
  resolved "https://registry.yarnpkg.com/lodash/-/lodash-4.17.15.tgz#b447f6670a0455bbfeedd11392eff330ea097548"
  integrity sha512-8xOcRHvCjnocdS5cpwXQXVzmmh5e5+saE2QGoeQmbKmRS6J3VQppPOIt0MnmE+4xlZoumy0GPG0D0MVIQbNA1A==

mime@^1.6.0:
  version "1.6.0"
  resolved "https://registry.yarnpkg.com/mime/-/mime-1.6.0.tgz#32cd9e5c64553bd58d19a568af452acff04981b1"
  integrity sha512-x0Vn8spI+wuJ1O6S7gnbaQg8Pxh4NNHb7KSINmEWKiPE4RKOplvijn+NkmYmmRgP68mc70j2EbeTFRsrswaQeg==

mini-signals@^1.2.0:
  version "1.2.0"
  resolved "https://registry.yarnpkg.com/mini-signals/-/mini-signals-1.2.0.tgz#45b08013c5fae51a24aa1a935cd317c9ed721d74"
  integrity sha1-RbCAE8X65RokqhqTXNMXye1yHXQ=

minimist@0.0.8:
  version "0.0.8"
  resolved "https://registry.yarnpkg.com/minimist/-/minimist-0.0.8.tgz#857fcabfc3397d2625b8228262e86aa7a011b05d"
  integrity sha1-hX/Kv8M5fSYluCKCYuhqp6ARsF0=

minimist@^1.1.0:
  version "1.2.0"
  resolved "https://registry.yarnpkg.com/minimist/-/minimist-1.2.0.tgz#a35008b20f41383eec1fb914f4cd5df79a264284"
  integrity sha1-o1AIsg9BOD7sH7kU9M1d95omQoQ=

minimist@~0.0.1:
  version "0.0.10"
  resolved "https://registry.yarnpkg.com/minimist/-/minimist-0.0.10.tgz#de3f98543dbf96082be48ad1a0c7cda836301dcf"
  integrity sha1-3j+YVD2/lggr5IrRoMfNqDYwHc8=

mkdirp@^0.5.1:
  version "0.5.1"
  resolved "https://registry.yarnpkg.com/mkdirp/-/mkdirp-0.5.1.tgz#30057438eac6cf7f8c4767f38648d6697d75c903"
  integrity sha1-MAV0OOrGz3+MR2fzhkjWaX11yQM=
  dependencies:
    minimist "0.0.8"

ms@^2.1.1:
  version "2.1.2"
  resolved "https://registry.yarnpkg.com/ms/-/ms-2.1.2.tgz#d09d1f357b443f493382a8eb3ccd183872ae6009"
  integrity sha512-sGkPx+VjMtmA6MX27oA4FBFELFCZZ4S4XqeGOXCv68tT+jb3vk/RyaKWP0PTKyWtmLSM0b+adUTEvbs1PEaH2w==

object-assign@^4.1.1:
  version "4.1.1"
  resolved "https://registry.yarnpkg.com/object-assign/-/object-assign-4.1.1.tgz#2109adc7965887cfc05cbbd442cac8bfbb360863"
  integrity sha1-IQmtx5ZYh8/AXLvUQsrIv7s2CGM=

opener@~1.4.0:
  version "1.4.3"
  resolved "https://registry.yarnpkg.com/opener/-/opener-1.4.3.tgz#5c6da2c5d7e5831e8ffa3964950f8d6674ac90b8"
  integrity sha1-XG2ixdflgx6P+jlklQ+NZnSskLg=

optimist@0.6.x:
  version "0.6.1"
  resolved "https://registry.yarnpkg.com/optimist/-/optimist-0.6.1.tgz#da3ea74686fa21a19a111c326e90eb15a0196686"
  integrity sha1-2j6nRob6IaGaERwybpDrFaAZZoY=
  dependencies:
    minimist "~0.0.1"
    wordwrap "~0.0.2"

parse-uri@^1.0.0:
  version "1.0.0"
  resolved "https://registry.yarnpkg.com/parse-uri/-/parse-uri-1.0.0.tgz#2872dcc22f1a797acde1583d8a0ac29552ddac20"
  integrity sha1-KHLcwi8aeXrN4Vg9igrClVLdrCA=

pixi.js@^5.2.0:
  version "5.2.0"
  resolved "https://registry.yarnpkg.com/pixi.js/-/pixi.js-5.2.0.tgz#097eb90825cd28e40230c779998876d575d02b69"
  integrity sha512-q4gxbTU51nrh8qxbplU6EVx2dnb9SiI9OeQOrQmtmCTpysJXAK5p9M2c3v5JRIgK8ZCL74y5vrwHaaB1ZQoPKw==
  dependencies:
    "@pixi/accessibility" "^5.2.0"
    "@pixi/app" "^5.2.0"
    "@pixi/constants" "^5.2.0"
    "@pixi/core" "^5.2.0"
    "@pixi/display" "^5.2.0"
    "@pixi/extract" "^5.2.0"
    "@pixi/filter-alpha" "^5.2.0"
    "@pixi/filter-blur" "^5.2.0"
    "@pixi/filter-color-matrix" "^5.2.0"
    "@pixi/filter-displacement" "^5.2.0"
    "@pixi/filter-fxaa" "^5.2.0"
    "@pixi/filter-noise" "^5.2.0"
    "@pixi/graphics" "^5.2.0"
    "@pixi/interaction" "^5.2.0"
    "@pixi/loaders" "^5.2.0"
    "@pixi/math" "^5.2.0"
    "@pixi/mesh" "^5.2.0"
    "@pixi/mesh-extras" "^5.2.0"
    "@pixi/mixin-cache-as-bitmap" "^5.2.0"
    "@pixi/mixin-get-child-by-name" "^5.2.0"
    "@pixi/mixin-get-global-position" "^5.2.0"
    "@pixi/particles" "^5.2.0"
    "@pixi/polyfill" "^5.2.0"
    "@pixi/prepare" "^5.2.0"
    "@pixi/runner" "^5.2.0"
    "@pixi/settings" "^5.2.0"
    "@pixi/sprite" "^5.2.0"
    "@pixi/sprite-animated" "^5.2.0"
    "@pixi/sprite-tiling" "^5.2.0"
    "@pixi/spritesheet" "^5.2.0"
    "@pixi/text" "^5.2.0"
    "@pixi/text-bitmap" "^5.2.0"
    "@pixi/ticker" "^5.2.0"
    "@pixi/utils" "^5.2.0"

portfinder@^1.0.13:
  version "1.0.25"
  resolved "https://registry.yarnpkg.com/portfinder/-/portfinder-1.0.25.tgz#254fd337ffba869f4b9d37edc298059cb4d35eca"
  integrity sha512-6ElJnHBbxVA1XSLgBp7G1FiCkQdlqGzuF7DswL5tcea+E8UpuvPU7beVAjjRwCioTS9ZluNbu+ZyRvgTsmqEBg==
  dependencies:
    async "^2.6.2"
    debug "^3.1.1"
    mkdirp "^0.5.1"

punycode@1.3.2:
  version "1.3.2"
  resolved "https://registry.yarnpkg.com/punycode/-/punycode-1.3.2.tgz#9653a036fb7c1ee42342f2325cceefea3926c48d"
  integrity sha1-llOgNvt8HuQjQvIyXM7v6jkmxI0=

qs@~2.3.3:
  version "2.3.3"
  resolved "https://registry.yarnpkg.com/qs/-/qs-2.3.3.tgz#e9e85adbe75da0bbe4c8e0476a086290f863b404"
  integrity sha1-6eha2+ddoLvkyOBHaghikPhjtAQ=

querystring@0.2.0:
  version "0.2.0"
  resolved "https://registry.yarnpkg.com/querystring/-/querystring-0.2.0.tgz#b209849203bb25df820da756e747005878521620"
  integrity sha1-sgmEkgO7Jd+CDadW50cAWHhSFiA=

requires-port@^1.0.0:
  version "1.0.0"
  resolved "https://registry.yarnpkg.com/requires-port/-/requires-port-1.0.0.tgz#925d2601d39ac485e091cf0da5c6e694dc3dcaff"
  integrity sha1-kl0mAdOaxIXgkc8NpcbmlNw9yv8=

resource-loader@^3.0.1:
  version "3.0.1"
  resolved "https://registry.yarnpkg.com/resource-loader/-/resource-loader-3.0.1.tgz#33355bb5421e2994f59454bbc7f6dbff8df06d47"
  integrity sha512-fBuCRbEHdLCI1eglzQhUv9Rrdcmqkydr1r6uHE2cYHvRBrcLXeSmbE/qI/urFt8rPr/IGxir3BUwM5kUK8XoyA==
  dependencies:
    mini-signals "^1.2.0"
    parse-uri "^1.0.0"

union@~0.4.3:
  version "0.4.6"
  resolved "https://registry.yarnpkg.com/union/-/union-0.4.6.tgz#198fbdaeba254e788b0efcb630bc11f24a2959e0"
  integrity sha1-GY+9rrolTniLDvy2MLwR8kopWeA=
  dependencies:
    qs "~2.3.3"

url-join@^2.0.5:
  version "2.0.5"
  resolved "https://registry.yarnpkg.com/url-join/-/url-join-2.0.5.tgz#5af22f18c052a000a48d7b82c5e9c2e2feeda728"
  integrity sha1-WvIvGMBSoACkjXuCxenC4v7tpyg=

url@^0.11.0:
  version "0.11.0"
  resolved "https://registry.yarnpkg.com/url/-/url-0.11.0.tgz#3838e97cfc60521eb73c525a8e55bfdd9e2e28f1"
  integrity sha1-ODjpfPxgUh63PFJajlW/3Z4uKPE=
  dependencies:
    punycode "1.3.2"
    querystring "0.2.0"

wordwrap@~0.0.2:
  version "0.0.3"
  resolved "https://registry.yarnpkg.com/wordwrap/-/wordwrap-0.0.3.tgz#a3d5da6cd5c0bc0008d37234bbaf1bed63059107"
  integrity sha1-o9XabNXAvAAI03I0u68b7WMFkQc=
